
Microsoft Visual Studio Solution File, Format Version 12.00
# Visual Studio Version 17
VisualStudioVersion = 17.5.33516.290
MinimumVisualStudioVersion = 10.0.40219.1
Project("{9A19103F-16F7-4668-BE54-9A1E7A4F7556}") = "LiStream", "LiStream\LiStream.csproj", "{71C33594-EF3D-47F0-91A0-B1DF00E8355D}"
EndProject
Project("{9A19103F-16F7-4668-BE54-9A1E7A4F7556}") = "LiStreamConsole", "LiStreamConsole\LiStreamConsole.csproj", "{01342287-9EC1-4DDC-80BD-C660993D5B6D}"
EndProject
Project("{9A19103F-16F7-4668-BE54-9A1E7A4F7556}") = "LiStreamEF", "LiStreamEF\LiStreamEF.csproj", "{E7AEE1CA-E47F-4451-8E40-4E36C590EFE1}"
EndProject
Project("{2150E333-8FDC-42A3-9474-1A3956D46DE8}") = "Solution Items", "Solution Items", "{8E1A30E6-940E-418D-815C-BB022A8A79B5}"
	ProjectSection(SolutionItems) = preProject
		.editorconfig = .editorconfig
	EndProjectSection
EndProject
Project("{9A19103F-16F7-4668-BE54-9A1E7A4F7556}") = "LiStreamData", "LiStreamData\LiStreamData.csproj", "{74A9A8EB-8FB7-4F80-9C69-F341A8514ED9}"
EndProject
Project("{2150E333-8FDC-42A3-9474-1A3956D46DE8}") = "Tests", "Tests", "{15ADB351-669A-4A8C-9F75-C0BB03E8900E}"
EndProject
Project("{9A19103F-16F7-4668-BE54-9A1E7A4F7556}") = "LiStream.Tests", "LiStream.Tests\LiStream.Tests.csproj", "{BDF7A535-6222-4798-82BF-519CC838B6F8}"
EndProject
Project("{9A19103F-16F7-4668-BE54-9A1E7A4F7556}") = "LiStreamConsole.Tests", "LiStreamConsole.Tests\LiStreamConsole.Tests.csproj", "{B65FAA8F-1E87-4D5C-AC9E-F0A95298695D}"
EndProject
Project("{FAE04EC0-301F-11D3-BF4B-00C04F79EFBC}") = "LiStreamAPI", "LiStreamAPI\LiStreamAPI.csproj", "{2E714932-DF4E-43B1-B5D6-CDDD6F83C315}"
EndProject
Global
	GlobalSection(SolutionConfigurationPlatforms) = preSolution
		Debug|Any CPU = Debug|Any CPU
		Release|Any CPU = Release|Any CPU
	EndGlobalSection
	GlobalSection(ProjectConfigurationPlatforms) = postSolution
		{71C33594-EF3D-47F0-91A0-B1DF00E8355D}.Debug|Any CPU.ActiveCfg = Debug|Any CPU
		{71C33594-EF3D-47F0-91A0-B1DF00E8355D}.Debug|Any CPU.Build.0 = Debug|Any CPU
		{71C33594-EF3D-47F0-91A0-B1DF00E8355D}.Release|Any CPU.ActiveCfg = Release|Any CPU
		{71C33594-EF3D-47F0-91A0-B1DF00E8355D}.Release|Any CPU.Build.0 = Release|Any CPU
		{01342287-9EC1-4DDC-80BD-C660993D5B6D}.Debug|Any CPU.ActiveCfg = Debug|Any CPU
		{01342287-9EC1-4DDC-80BD-C660993D5B6D}.Debug|Any CPU.Build.0 = Debug|Any CPU
		{01342287-9EC1-4DDC-80BD-C660993D5B6D}.Release|Any CPU.ActiveCfg = Release|Any CPU
		{01342287-9EC1-4DDC-80BD-C660993D5B6D}.Release|Any CPU.Build.0 = Release|Any CPU
		{E7AEE1CA-E47F-4451-8E40-4E36C590EFE1}.Debug|Any CPU.ActiveCfg = Debug|Any CPU
		{E7AEE1CA-E47F-4451-8E40-4E36C590EFE1}.Debug|Any CPU.Build.0 = Debug|Any CPU
		{E7AEE1CA-E47F-4451-8E40-4E36C590EFE1}.Release|Any CPU.ActiveCfg = Release|Any CPU
		{E7AEE1CA-E47F-4451-8E40-4E36C590EFE1}.Release|Any CPU.Build.0 = Release|Any CPU
		{74A9A8EB-8FB7-4F80-9C69-F341A8514ED9}.Debug|Any CPU.ActiveCfg = Debug|Any CPU
		{74A9A8EB-8FB7-4F80-9C69-F341A8514ED9}.Debug|Any CPU.Build.0 = Debug|Any CPU
		{74A9A8EB-8FB7-4F80-9C69-F341A8514ED9}.Release|Any CPU.ActiveCfg = Release|Any CPU
		{74A9A8EB-8FB7-4F80-9C69-F341A8514ED9}.Release|Any CPU.Build.0 = Release|Any CPU
		{BDF7A535-6222-4798-82BF-519CC838B6F8}.Debug|Any CPU.ActiveCfg = Debug|Any CPU
		{BDF7A535-6222-4798-82BF-519CC838B6F8}.Debug|Any CPU.Build.0 = Debug|Any CPU
		{BDF7A535-6222-4798-82BF-519CC838B6F8}.Release|Any CPU.ActiveCfg = Release|Any CPU
		{BDF7A535-6222-4798-82BF-519CC838B6F8}.Release|Any CPU.Build.0 = Release|Any CPU
		{B65FAA8F-1E87-4D5C-AC9E-F0A95298695D}.Debug|Any CPU.ActiveCfg = Debug|Any CPU
		{B65FAA8F-1E87-4D5C-AC9E-F0A95298695D}.Debug|Any CPU.Build.0 = Debug|Any CPU
		{B65FAA8F-1E87-4D5C-AC9E-F0A95298695D}.Release|Any CPU.ActiveCfg = Release|Any CPU
		{B65FAA8F-1E87-4D5C-AC9E-F0A95298695D}.Release|Any CPU.Build.0 = Release|Any CPU
		{2E714932-DF4E-43B1-B5D6-CDDD6F83C315}.Debug|Any CPU.ActiveCfg = Debug|Any CPU
		{2E714932-DF4E-43B1-B5D6-CDDD6F83C315}.Debug|Any CPU.Build.0 = Debug|Any CPU
		{2E714932-DF4E-43B1-B5D6-CDDD6F83C315}.Release|Any CPU.ActiveCfg = Release|Any CPU
		{2E714932-DF4E-43B1-B5D6-CDDD6F83C315}.Release|Any CPU.Build.0 = Release|Any CPU
	EndGlobalSection
	GlobalSection(SolutionProperties) = preSolution
		HideSolutionNode = FALSE
	EndGlobalSection
	GlobalSection(NestedProjects) = preSolution
		{BDF7A535-6222-4798-82BF-519CC838B6F8} = {15ADB351-669A-4A8C-9F75-C0BB03E8900E}
		{B65FAA8F-1E87-4D5C-AC9E-F0A95298695D} = {15ADB351-669A-4A8C-9F75-C0BB03E8900E}
	EndGlobalSection
	GlobalSection(ExtensibilityGlobals) = postSolution
		SolutionGuid = {09168332-1A27-44C2-AF3D-DD6B69CCA402}
	EndGlobalSection
EndGlobal
